<?xml version="1.0" encoding="utf-8"?>
<Project ToolsVersion="4.0" xmlns="http://schemas.microsoft.com/developer/msbuild/2003">
  <ItemGroup>
    <ClCompile Include="main.cpp" />
    <ClCompile Include="imgui\imgui.cpp" />
    <ClCompile Include="imgui\imgui_demo.cpp" />
    <ClCompile Include="imgui\imgui_draw.cpp" />
    <ClCompile Include="imgui\imgui_impl_dx9.cpp" />
    <ClCompile Include="imgui\imgui_impl_win32.cpp" />
    <ClCompile Include="imgui\imgui_widgets.cpp" />
    <ClCompile Include="mix\md5.cpp" />
    <ClCompile Include="protect\protectmain.cpp" />
  </ItemGroup>
  <ItemGroup>
    <ClInclude Include="imgui\imstb_truetype.h">
      <Filter>imgui</Filter>
    </ClInclude>
    <ClInclude Include="main.h" />
    <ClInclude Include="curl\curl.h" />
    <ClInclude Include="curl\curlver.h" />
    <ClInclude Include="curl\easy.h" />
    <ClInclude Include="curl\mprintf.h" />
    <ClInclude Include="curl\multi.h" />
    <ClInclude Include="curl\options.h" />
    <ClInclude Include="curl\stdcheaders.h" />
    <ClInclude Include="curl\system.h" />
    <ClInclude Include="curl\typecheck-gcc.h" />
    <ClInclude Include="curl\urlapi.h" />
    <ClInclude Include="Fonts.h" />
    <ClInclude Include="script.h" />
    <ClInclude Include="RecoilDatas\Features.h" />
    <ClInclude Include="RecoilDatas\RecoilTables.h" />
    <ClInclude Include="extra\config.h" />
    <ClInclude Include="extra\remember.h" />
    <ClInclude Include="imgui\imconfig.h" />
    <ClInclude Include="imgui\imgui.h" />
    <ClInclude Include="imgui\imgui_impl_dx9.h" />
    <ClInclude Include="imgui\imgui_impl_win32.h" />
    <ClInclude Include="imgui\imgui_internal.h" />
    <ClInclude Include="imgui\imstb_rectpack.h" />
    <ClInclude Include="imgui\imstb_textedit.h" />
    <ClInclude Include="misc.h" />
    <ClInclude Include="auth.hpp" />
    <ClInclude Include="lazy.h" />
    <ClInclude Include="resource.h" />
    <ClInclude Include="mix\md5.h" />
    <ClInclude Include="mix\xor.h" />
    <ClInclude Include="protect\anti_debugger.h" />
    <ClInclude Include="protect\antidump.h" />
    <ClInclude Include="protect\protectmain.h" />
    <ClInclude Include="protect\lazy.h" />
  </ItemGroup>
  <ItemGroup>
    <Filter Include="imgui">
      <UniqueIdentifier>{8cf77124-bebc-471d-acac-8b9b1ffc2a66}</UniqueIdentifier>
    </Filter>
  </ItemGroup>
  <ItemGroup>
    <Library Include="curl\libcurl_a.lib" />
    <Library Include="libcurl.lib" />
    <Library Include="library_x64.lib" />
    <Library Include="libcurl_a.lib" />
  </ItemGroup>
  <ItemGroup>
    <ResourceCompile Include="recources.rc" />
  </ItemGroup>
  <ItemGroup>
    <Image Include="arbit.ico" />
  </ItemGroup>
</Project>